
Microsoft Visual Studio Solution File, Format Version 12.00
# Visual Studio Version 16
VisualStudioVersion = 16.0.31605.320
MinimumVisualStudioVersion = 10.0.40219.1
Project("{FAE04EC0-301F-11D3-BF4B-00C04F79EFBC}") = "BlockWarsServerTcp", "BlockWarsServerTcp.csproj", "{018873A0-55F5-4018-86BD-CA1441B226BF}"
EndProject
Global
	GlobalSection(SolutionConfigurationPlatforms) = preSolution
		Debug|Any CPU = Debug|Any CPU
		Release|Any CPU = Release|Any CPU
	EndGlobalSection
	GlobalSection(ProjectConfigurationPlatforms) = postSolution
		{018873A0-55F5-4018-86BD-CA1441B226BF}.Debug|Any CPU.ActiveCfg = Debug|Any CPU
		{018873A0-55F5-4018-86BD-CA1441B226BF}.Debug|Any CPU.Build.0 = Debug|Any CPU
		{018873A0-55F5-4018-86BD-CA1441B226BF}.Release|Any CPU.ActiveCfg = Release|Any CPU
		{018873A0-55F5-4018-86BD-CA1441B226BF}.Release|Any CPU.Build.0 = Release|Any CPU
	EndGlobalSection
	GlobalSection(SolutionProperties) = preSolution
		HideSolutionNode = FALSE
	EndGlobalSection
	GlobalSection(ExtensibilityGlobals) = postSolution
		SolutionGuid = {4DECA023-E532-4779-B337-245682C96EF3}
	EndGlobalSection
EndGlobal
